
Microsoft Visual Studio Solution File, Format Version 12.00
# Visual Studio Version 17
VisualStudioVersion = 17.5.002.0
MinimumVisualStudioVersion = 10.0.40219.1
Project("{9A19103F-16F7-4668-BE54-9A1E7A4F7556}") = "QuizApp", "QuizApp.csproj", "{0D44E9CF-093D-4C93-886D-F5F70DF26BDC}"
EndProject
Global
	GlobalSection(SolutionConfigurationPlatforms) = preSolution
		Debug|Any CPU = Debug|Any CPU
		Release|Any CPU = Release|Any CPU
	EndGlobalSection
	GlobalSection(ProjectConfigurationPlatforms) = postSolution
		{0D44E9CF-093D-4C93-886D-F5F70DF26BDC}.Debug|Any CPU.ActiveCfg = Debug|Any CPU
		{0D44E9CF-093D-4C93-886D-F5F70DF26BDC}.Debug|Any CPU.Build.0 = Debug|Any CPU
		{0D44E9CF-093D-4C93-886D-F5F70DF26BDC}.Release|Any CPU.ActiveCfg = Release|Any CPU
		{0D44E9CF-093D-4C93-886D-F5F70DF26BDC}.Release|Any CPU.Build.0 = Release|Any CPU
	EndGlobalSection
	GlobalSection(SolutionProperties) = preSolution
		HideSolutionNode = FALSE
	EndGlobalSection
	GlobalSection(ExtensibilityGlobals) = postSolution
		SolutionGuid = {F477E34D-B99D-4180-B3D8-BD73EF0544BE}
	EndGlobalSection
EndGlobal
