
Microsoft Visual Studio Solution File, Format Version 12.00
# Visual Studio Version 17
VisualStudioVersion = 17.5.002.0
MinimumVisualStudioVersion = 10.0.40219.1
Project("{9A19103F-16F7-4668-BE54-9A1E7A4F7556}") = "testProject", "testProject.csproj", "{FBD66F3C-6264-43A6-97A2-96BD0EB43933}"
EndProject
Global
	GlobalSection(SolutionConfigurationPlatforms) = preSolution
		Debug|Any CPU = Debug|Any CPU
		Release|Any CPU = Release|Any CPU
	EndGlobalSection
	GlobalSection(ProjectConfigurationPlatforms) = postSolution
		{FBD66F3C-6264-43A6-97A2-96BD0EB43933}.Debug|Any CPU.ActiveCfg = Debug|Any CPU
		{FBD66F3C-6264-43A6-97A2-96BD0EB43933}.Debug|Any CPU.Build.0 = Debug|Any CPU
		{FBD66F3C-6264-43A6-97A2-96BD0EB43933}.Release|Any CPU.ActiveCfg = Release|Any CPU
		{FBD66F3C-6264-43A6-97A2-96BD0EB43933}.Release|Any CPU.Build.0 = Release|Any CPU
	EndGlobalSection
	GlobalSection(SolutionProperties) = preSolution
		HideSolutionNode = FALSE
	EndGlobalSection
	GlobalSection(ExtensibilityGlobals) = postSolution
		SolutionGuid = {B1F47834-12AD-42E8-A52A-BD70F36BBA5B}
	EndGlobalSection
EndGlobal
