
Microsoft Visual Studio Solution File, Format Version 12.00
# Visual Studio Version 17
VisualStudioVersion = 17.5.002.0
MinimumVisualStudioVersion = 10.0.40219.1
Project("{9A19103F-16F7-4668-BE54-9A1E7A4F7556}") = "DateTypes", "DateTypes\DateTypes.csproj", "{3FC8206C-57A7-449F-8C0B-1B8CCD9F7E48}"
EndProject
Global
	GlobalSection(SolutionConfigurationPlatforms) = preSolution
		Debug|Any CPU = Debug|Any CPU
		Release|Any CPU = Release|Any CPU
	EndGlobalSection
	GlobalSection(ProjectConfigurationPlatforms) = postSolution
		{3FC8206C-57A7-449F-8C0B-1B8CCD9F7E48}.Debug|Any CPU.ActiveCfg = Debug|Any CPU
		{3FC8206C-57A7-449F-8C0B-1B8CCD9F7E48}.Debug|Any CPU.Build.0 = Debug|Any CPU
		{3FC8206C-57A7-449F-8C0B-1B8CCD9F7E48}.Release|Any CPU.ActiveCfg = Release|Any CPU
		{3FC8206C-57A7-449F-8C0B-1B8CCD9F7E48}.Release|Any CPU.Build.0 = Release|Any CPU
	EndGlobalSection
	GlobalSection(SolutionProperties) = preSolution
		HideSolutionNode = FALSE
	EndGlobalSection
	GlobalSection(ExtensibilityGlobals) = postSolution
		SolutionGuid = {F34813D5-79A3-4E67-BF7F-097B286CA001}
	EndGlobalSection
EndGlobal
