
Microsoft Visual Studio Solution File, Format Version 12.00
# Visual Studio Version 17
VisualStudioVersion = 17.5.002.0
MinimumVisualStudioVersion = 10.0.40219.1
Project("{9A19103F-16F7-4668-BE54-9A1E7A4F7556}") = "CounterApp", "CounterApp.csproj", "{9E0F7992-8923-4058-B3CC-013390CA0E50}"
EndProject
Global
	GlobalSection(SolutionConfigurationPlatforms) = preSolution
		Debug|Any CPU = Debug|Any CPU
		Release|Any CPU = Release|Any CPU
	EndGlobalSection
	GlobalSection(ProjectConfigurationPlatforms) = postSolution
		{9E0F7992-8923-4058-B3CC-013390CA0E50}.Debug|Any CPU.ActiveCfg = Debug|Any CPU
		{9E0F7992-8923-4058-B3CC-013390CA0E50}.Debug|Any CPU.Build.0 = Debug|Any CPU
		{9E0F7992-8923-4058-B3CC-013390CA0E50}.Release|Any CPU.ActiveCfg = Release|Any CPU
		{9E0F7992-8923-4058-B3CC-013390CA0E50}.Release|Any CPU.Build.0 = Release|Any CPU
	EndGlobalSection
	GlobalSection(SolutionProperties) = preSolution
		HideSolutionNode = FALSE
	EndGlobalSection
	GlobalSection(ExtensibilityGlobals) = postSolution
		SolutionGuid = {40FE238F-6ACA-4911-90AC-9C889EF63136}
	EndGlobalSection
EndGlobal
